
Microsoft Visual Studio Solution File, Format Version 12.00
# Visual Studio Version 17
VisualStudioVersion = 17.4.33205.214
MinimumVisualStudioVersion = 10.0.40219.1
Project("{9A19103F-16F7-4668-BE54-9A1E7A4F7556}") = "01-MVC-FirstPage", "01-MVC-FirstPage\01-MVC-FirstPage.csproj", "{1F3706E6-A765-4B9D-9FA6-7668DCB73983}"
EndProject
Project("{9A19103F-16F7-4668-BE54-9A1E7A4F7556}") = "02-MVC-Controller", "02-MVC-Controller\02-MVC-Controller.csproj", "{47DA1DE7-392A-4206-8A21-DD620AC1A45E}"
EndProject
Project("{9A19103F-16F7-4668-BE54-9A1E7A4F7556}") = "03-MVC-Views", "03-MVC-Views\03-MVC-Views.csproj", "{1270017E-FE81-405A-8E15-D73463D74687}"
EndProject
Project("{9A19103F-16F7-4668-BE54-9A1E7A4F7556}") = "04-MVC-TempData", "04-MVC-TempData\04-MVC-TempData.csproj", "{28FC855A-6015-47C3-9C5E-D195798B8FCA}"
EndProject
Project("{9A19103F-16F7-4668-BE54-9A1E7A4F7556}") = "05-MVC-ViewModel", "05-MVC-ViewModel\05-MVC-ViewModel.csproj", "{4892AFAE-C471-4A44-9B28-899DBCD66903}"
EndProject
Project("{FAE04EC0-301F-11D3-BF4B-00C04F79EFBC}") = "06-MVC-ViewModel-2", "06-MVC-ViewModel-2\06-MVC-ViewModel-2.csproj", "{C7CBB08B-A5F1-472A-893C-34BD001F2D2B}"
EndProject
Project("{FAE04EC0-301F-11D3-BF4B-00C04F79EFBC}") = "07-MVC-Validation", "07-MVC-Validation\07-MVC-Validation.csproj", "{69A39D83-E3FE-4A86-A926-A75B48DA77BD}"
EndProject
Global
	GlobalSection(SolutionConfigurationPlatforms) = preSolution
		Debug|Any CPU = Debug|Any CPU
		Release|Any CPU = Release|Any CPU
	EndGlobalSection
	GlobalSection(ProjectConfigurationPlatforms) = postSolution
		{1F3706E6-A765-4B9D-9FA6-7668DCB73983}.Debug|Any CPU.ActiveCfg = Debug|Any CPU
		{1F3706E6-A765-4B9D-9FA6-7668DCB73983}.Debug|Any CPU.Build.0 = Debug|Any CPU
		{1F3706E6-A765-4B9D-9FA6-7668DCB73983}.Release|Any CPU.ActiveCfg = Release|Any CPU
		{1F3706E6-A765-4B9D-9FA6-7668DCB73983}.Release|Any CPU.Build.0 = Release|Any CPU
		{47DA1DE7-392A-4206-8A21-DD620AC1A45E}.Debug|Any CPU.ActiveCfg = Debug|Any CPU
		{47DA1DE7-392A-4206-8A21-DD620AC1A45E}.Debug|Any CPU.Build.0 = Debug|Any CPU
		{47DA1DE7-392A-4206-8A21-DD620AC1A45E}.Release|Any CPU.ActiveCfg = Release|Any CPU
		{47DA1DE7-392A-4206-8A21-DD620AC1A45E}.Release|Any CPU.Build.0 = Release|Any CPU
		{1270017E-FE81-405A-8E15-D73463D74687}.Debug|Any CPU.ActiveCfg = Debug|Any CPU
		{1270017E-FE81-405A-8E15-D73463D74687}.Debug|Any CPU.Build.0 = Debug|Any CPU
		{1270017E-FE81-405A-8E15-D73463D74687}.Release|Any CPU.ActiveCfg = Release|Any CPU
		{1270017E-FE81-405A-8E15-D73463D74687}.Release|Any CPU.Build.0 = Release|Any CPU
		{28FC855A-6015-47C3-9C5E-D195798B8FCA}.Debug|Any CPU.ActiveCfg = Debug|Any CPU
		{28FC855A-6015-47C3-9C5E-D195798B8FCA}.Debug|Any CPU.Build.0 = Debug|Any CPU
		{28FC855A-6015-47C3-9C5E-D195798B8FCA}.Release|Any CPU.ActiveCfg = Release|Any CPU
		{28FC855A-6015-47C3-9C5E-D195798B8FCA}.Release|Any CPU.Build.0 = Release|Any CPU
		{4892AFAE-C471-4A44-9B28-899DBCD66903}.Debug|Any CPU.ActiveCfg = Debug|Any CPU
		{4892AFAE-C471-4A44-9B28-899DBCD66903}.Debug|Any CPU.Build.0 = Debug|Any CPU
		{4892AFAE-C471-4A44-9B28-899DBCD66903}.Release|Any CPU.ActiveCfg = Release|Any CPU
		{4892AFAE-C471-4A44-9B28-899DBCD66903}.Release|Any CPU.Build.0 = Release|Any CPU
		{C7CBB08B-A5F1-472A-893C-34BD001F2D2B}.Debug|Any CPU.ActiveCfg = Debug|Any CPU
		{C7CBB08B-A5F1-472A-893C-34BD001F2D2B}.Debug|Any CPU.Build.0 = Debug|Any CPU
		{C7CBB08B-A5F1-472A-893C-34BD001F2D2B}.Release|Any CPU.ActiveCfg = Release|Any CPU
		{C7CBB08B-A5F1-472A-893C-34BD001F2D2B}.Release|Any CPU.Build.0 = Release|Any CPU
		{69A39D83-E3FE-4A86-A926-A75B48DA77BD}.Debug|Any CPU.ActiveCfg = Debug|Any CPU
		{69A39D83-E3FE-4A86-A926-A75B48DA77BD}.Debug|Any CPU.Build.0 = Debug|Any CPU
		{69A39D83-E3FE-4A86-A926-A75B48DA77BD}.Release|Any CPU.ActiveCfg = Release|Any CPU
		{69A39D83-E3FE-4A86-A926-A75B48DA77BD}.Release|Any CPU.Build.0 = Release|Any CPU
	EndGlobalSection
	GlobalSection(SolutionProperties) = preSolution
		HideSolutionNode = FALSE
	EndGlobalSection
	GlobalSection(ExtensibilityGlobals) = postSolution
		SolutionGuid = {20388F22-F911-4858-BEC8-6DA1C834B448}
	EndGlobalSection
EndGlobal
