
Microsoft Visual Studio Solution File, Format Version 12.00
# Visual Studio Version 17
VisualStudioVersion = 17.4.33205.214
MinimumVisualStudioVersion = 10.0.40219.1
Project("{9A19103F-16F7-4668-BE54-9A1E7A4F7556}") = "01-MVC-FirstPage", "01-MVC-FirstPage\01-MVC-FirstPage.csproj", "{1F3706E6-A765-4B9D-9FA6-7668DCB73983}"
EndProject
Project("{9A19103F-16F7-4668-BE54-9A1E7A4F7556}") = "02-MVC-Controller", "02-MVC-Controller\02-MVC-Controller.csproj", "{47DA1DE7-392A-4206-8A21-DD620AC1A45E}"
EndProject
Project("{9A19103F-16F7-4668-BE54-9A1E7A4F7556}") = "03-MVC-Views", "03-MVC-Views\03-MVC-Views.csproj", "{1270017E-FE81-405A-8E15-D73463D74687}"
EndProject
Project("{9A19103F-16F7-4668-BE54-9A1E7A4F7556}") = "04-MVC-TempData", "04-MVC-TempData\04-MVC-TempData.csproj", "{28FC855A-6015-47C3-9C5E-D195798B8FCA}"
EndProject
Project("{9A19103F-16F7-4668-BE54-9A1E7A4F7556}") = "05-MVC-ViewModel", "05-MVC-ViewModel\05-MVC-ViewModel.csproj", "{4892AFAE-C471-4A44-9B28-899DBCD66903}"
EndProject
Project("{9A19103F-16F7-4668-BE54-9A1E7A4F7556}") = "06-MVC-ViewModel-2", "06-MVC-ViewModel-2\06-MVC-ViewModel-2.csproj", "{C7CBB08B-A5F1-472A-893C-34BD001F2D2B}"
EndProject
Project("{9A19103F-16F7-4668-BE54-9A1E7A4F7556}") = "07-MVC-Validation", "07-MVC-Validation\07-MVC-Validation.csproj", "{69A39D83-E3FE-4A86-A926-A75B48DA77BD}"
EndProject
Project("{9A19103F-16F7-4668-BE54-9A1E7A4F7556}") = "08-MVC-Routing", "08-MVC-Routing\08-MVC-Routing.csproj", "{52BE9561-B744-4D99-B241-509C209272B0}"
EndProject
Project("{9A19103F-16F7-4668-BE54-9A1E7A4F7556}") = "09-MVC-StateManagement", "09-MVC-StateManagement\09-MVC-StateManagement.csproj", "{FE8BCA0F-6C12-4D40-9D04-3A7DDDF84D5D}"
EndProject
Project("{9A19103F-16F7-4668-BE54-9A1E7A4F7556}") = "10-MVC-Entity", "45-MVC-Entity\10-MVC-Entity.csproj", "{5770AD23-9F5D-4D99-9A5E-BA3718F090B6}"
EndProject
Project("{9A19103F-16F7-4668-BE54-9A1E7A4F7556}") = "11-MVC-OptionPattern", "11-MVC-Entity\11-MVC-OptionPattern.csproj", "{4CC37EE4-2F56-4E86-9FCF-E9CCD2787F90}"
EndProject
Project("{9A19103F-16F7-4668-BE54-9A1E7A4F7556}") = "12-MVC-DependencyInjection", "12-MVC-DependencyInjection\12-MVC-DependencyInjection.csproj", "{9739ABD4-DB11-4625-A626-323BAEE1628D}"
EndProject
Project("{9A19103F-16F7-4668-BE54-9A1E7A4F7556}") = "13-MVC-ETrade", "13-MVC-ETrade\13-MVC-ETrade.csproj", "{ADE14A5D-AEA4-48FC-AECF-06F368C28385}"
EndProject
Project("{9A19103F-16F7-4668-BE54-9A1E7A4F7556}") = "01-AsenkronProgramlama", "01-AsenkronProgramlama\01-AsenkronProgramlama.csproj", "{947A0EC3-4501-429C-BEFB-31AA1CA39FFE}"
EndProject
Project("{9A19103F-16F7-4668-BE54-9A1E7A4F7556}") = "02-Async-Task", "02-Task\02-Async-Task.csproj", "{19A74C93-8471-4D95-BF92-9053F3993057}"
EndProject
Project("{9A19103F-16F7-4668-BE54-9A1E7A4F7556}") = "14-MVC-Identity", "14-MVC-Identity\14-MVC-Identity.csproj", "{DDB6B5E4-B233-4B1A-A7CA-B02F9B44F6FE}"
EndProject
Project("{9A19103F-16F7-4668-BE54-9A1E7A4F7556}") = "15-MVC-Role", "15-MVC-Role\15-MVC-Role.csproj", "{FA1E670F-66BE-4D64-8B20-1586607A592C}"
EndProject
Project("{9A19103F-16F7-4668-BE54-9A1E7A4F7556}") = "16-API-Introduction", "16-API-Introduction\16-API-Introduction.csproj", "{B7983A02-FB2B-4837-A87D-D8876F3EFD12}"
EndProject
Project("{2150E333-8FDC-42A3-9474-1A3956D46DE8}") = "Api-NLayer-Entity", "Api-NLayer-Entity", "{64828F97-A327-499F-B88F-2C05FBD0F8EA}"
EndProject
Project("{9A19103F-16F7-4668-BE54-9A1E7A4F7556}") = "APIProject.Entities", "APIProject.Entities\APIProject.Entities.csproj", "{10A95D7E-2946-4686-9D95-B5FD7C1BFA54}"
EndProject
Project("{9A19103F-16F7-4668-BE54-9A1E7A4F7556}") = "APIProject.Repository", "APIProject.Repository\APIProject.Repository.csproj", "{04E8F0CF-2398-4443-B791-34AFF7DC2364}"
EndProject
Project("{9A19103F-16F7-4668-BE54-9A1E7A4F7556}") = "APIProject.BLL", "APIProject.BLL\APIProject.BLL.csproj", "{D1F2B9B4-787A-45BD-A7B7-7657D51671AA}"
EndProject
Project("{9A19103F-16F7-4668-BE54-9A1E7A4F7556}") = "APIProject.API", "APIProject.API\APIProject.API.csproj", "{176DD891-FDDB-41EB-BFA5-684BB1FDDE19}"
EndProject
Project("{FAE04EC0-301F-11D3-BF4B-00C04F79EFBC}") = "17-API-JWT-Authentication", "17-API-JWT-Authentication\17-API-JWT-Authentication.csproj", "{EDD6120D-A199-4CA6-9CBF-564BDA5BCFB1}"
EndProject
Global
	GlobalSection(SolutionConfigurationPlatforms) = preSolution
		Debug|Any CPU = Debug|Any CPU
		Release|Any CPU = Release|Any CPU
	EndGlobalSection
	GlobalSection(ProjectConfigurationPlatforms) = postSolution
		{1F3706E6-A765-4B9D-9FA6-7668DCB73983}.Debug|Any CPU.ActiveCfg = Debug|Any CPU
		{1F3706E6-A765-4B9D-9FA6-7668DCB73983}.Debug|Any CPU.Build.0 = Debug|Any CPU
		{1F3706E6-A765-4B9D-9FA6-7668DCB73983}.Release|Any CPU.ActiveCfg = Release|Any CPU
		{1F3706E6-A765-4B9D-9FA6-7668DCB73983}.Release|Any CPU.Build.0 = Release|Any CPU
		{47DA1DE7-392A-4206-8A21-DD620AC1A45E}.Debug|Any CPU.ActiveCfg = Debug|Any CPU
		{47DA1DE7-392A-4206-8A21-DD620AC1A45E}.Debug|Any CPU.Build.0 = Debug|Any CPU
		{47DA1DE7-392A-4206-8A21-DD620AC1A45E}.Release|Any CPU.ActiveCfg = Release|Any CPU
		{47DA1DE7-392A-4206-8A21-DD620AC1A45E}.Release|Any CPU.Build.0 = Release|Any CPU
		{1270017E-FE81-405A-8E15-D73463D74687}.Debug|Any CPU.ActiveCfg = Debug|Any CPU
		{1270017E-FE81-405A-8E15-D73463D74687}.Debug|Any CPU.Build.0 = Debug|Any CPU
		{1270017E-FE81-405A-8E15-D73463D74687}.Release|Any CPU.ActiveCfg = Release|Any CPU
		{1270017E-FE81-405A-8E15-D73463D74687}.Release|Any CPU.Build.0 = Release|Any CPU
		{28FC855A-6015-47C3-9C5E-D195798B8FCA}.Debug|Any CPU.ActiveCfg = Debug|Any CPU
		{28FC855A-6015-47C3-9C5E-D195798B8FCA}.Debug|Any CPU.Build.0 = Debug|Any CPU
		{28FC855A-6015-47C3-9C5E-D195798B8FCA}.Release|Any CPU.ActiveCfg = Release|Any CPU
		{28FC855A-6015-47C3-9C5E-D195798B8FCA}.Release|Any CPU.Build.0 = Release|Any CPU
		{4892AFAE-C471-4A44-9B28-899DBCD66903}.Debug|Any CPU.ActiveCfg = Debug|Any CPU
		{4892AFAE-C471-4A44-9B28-899DBCD66903}.Debug|Any CPU.Build.0 = Debug|Any CPU
		{4892AFAE-C471-4A44-9B28-899DBCD66903}.Release|Any CPU.ActiveCfg = Release|Any CPU
		{4892AFAE-C471-4A44-9B28-899DBCD66903}.Release|Any CPU.Build.0 = Release|Any CPU
		{C7CBB08B-A5F1-472A-893C-34BD001F2D2B}.Debug|Any CPU.ActiveCfg = Debug|Any CPU
		{C7CBB08B-A5F1-472A-893C-34BD001F2D2B}.Debug|Any CPU.Build.0 = Debug|Any CPU
		{C7CBB08B-A5F1-472A-893C-34BD001F2D2B}.Release|Any CPU.ActiveCfg = Release|Any CPU
		{C7CBB08B-A5F1-472A-893C-34BD001F2D2B}.Release|Any CPU.Build.0 = Release|Any CPU
		{69A39D83-E3FE-4A86-A926-A75B48DA77BD}.Debug|Any CPU.ActiveCfg = Debug|Any CPU
		{69A39D83-E3FE-4A86-A926-A75B48DA77BD}.Debug|Any CPU.Build.0 = Debug|Any CPU
		{69A39D83-E3FE-4A86-A926-A75B48DA77BD}.Release|Any CPU.ActiveCfg = Release|Any CPU
		{69A39D83-E3FE-4A86-A926-A75B48DA77BD}.Release|Any CPU.Build.0 = Release|Any CPU
		{52BE9561-B744-4D99-B241-509C209272B0}.Debug|Any CPU.ActiveCfg = Debug|Any CPU
		{52BE9561-B744-4D99-B241-509C209272B0}.Debug|Any CPU.Build.0 = Debug|Any CPU
		{52BE9561-B744-4D99-B241-509C209272B0}.Release|Any CPU.ActiveCfg = Release|Any CPU
		{52BE9561-B744-4D99-B241-509C209272B0}.Release|Any CPU.Build.0 = Release|Any CPU
		{FE8BCA0F-6C12-4D40-9D04-3A7DDDF84D5D}.Debug|Any CPU.ActiveCfg = Debug|Any CPU
		{FE8BCA0F-6C12-4D40-9D04-3A7DDDF84D5D}.Debug|Any CPU.Build.0 = Debug|Any CPU
		{FE8BCA0F-6C12-4D40-9D04-3A7DDDF84D5D}.Release|Any CPU.ActiveCfg = Release|Any CPU
		{FE8BCA0F-6C12-4D40-9D04-3A7DDDF84D5D}.Release|Any CPU.Build.0 = Release|Any CPU
		{5770AD23-9F5D-4D99-9A5E-BA3718F090B6}.Debug|Any CPU.ActiveCfg = Debug|Any CPU
		{5770AD23-9F5D-4D99-9A5E-BA3718F090B6}.Debug|Any CPU.Build.0 = Debug|Any CPU
		{5770AD23-9F5D-4D99-9A5E-BA3718F090B6}.Release|Any CPU.ActiveCfg = Release|Any CPU
		{5770AD23-9F5D-4D99-9A5E-BA3718F090B6}.Release|Any CPU.Build.0 = Release|Any CPU
		{4CC37EE4-2F56-4E86-9FCF-E9CCD2787F90}.Debug|Any CPU.ActiveCfg = Debug|Any CPU
		{4CC37EE4-2F56-4E86-9FCF-E9CCD2787F90}.Debug|Any CPU.Build.0 = Debug|Any CPU
		{4CC37EE4-2F56-4E86-9FCF-E9CCD2787F90}.Release|Any CPU.ActiveCfg = Release|Any CPU
		{4CC37EE4-2F56-4E86-9FCF-E9CCD2787F90}.Release|Any CPU.Build.0 = Release|Any CPU
		{9739ABD4-DB11-4625-A626-323BAEE1628D}.Debug|Any CPU.ActiveCfg = Debug|Any CPU
		{9739ABD4-DB11-4625-A626-323BAEE1628D}.Debug|Any CPU.Build.0 = Debug|Any CPU
		{9739ABD4-DB11-4625-A626-323BAEE1628D}.Release|Any CPU.ActiveCfg = Release|Any CPU
		{9739ABD4-DB11-4625-A626-323BAEE1628D}.Release|Any CPU.Build.0 = Release|Any CPU
		{ADE14A5D-AEA4-48FC-AECF-06F368C28385}.Debug|Any CPU.ActiveCfg = Debug|Any CPU
		{ADE14A5D-AEA4-48FC-AECF-06F368C28385}.Debug|Any CPU.Build.0 = Debug|Any CPU
		{ADE14A5D-AEA4-48FC-AECF-06F368C28385}.Release|Any CPU.ActiveCfg = Release|Any CPU
		{ADE14A5D-AEA4-48FC-AECF-06F368C28385}.Release|Any CPU.Build.0 = Release|Any CPU
		{947A0EC3-4501-429C-BEFB-31AA1CA39FFE}.Debug|Any CPU.ActiveCfg = Debug|Any CPU
		{947A0EC3-4501-429C-BEFB-31AA1CA39FFE}.Debug|Any CPU.Build.0 = Debug|Any CPU
		{947A0EC3-4501-429C-BEFB-31AA1CA39FFE}.Release|Any CPU.ActiveCfg = Release|Any CPU
		{947A0EC3-4501-429C-BEFB-31AA1CA39FFE}.Release|Any CPU.Build.0 = Release|Any CPU
		{19A74C93-8471-4D95-BF92-9053F3993057}.Debug|Any CPU.ActiveCfg = Debug|Any CPU
		{19A74C93-8471-4D95-BF92-9053F3993057}.Debug|Any CPU.Build.0 = Debug|Any CPU
		{19A74C93-8471-4D95-BF92-9053F3993057}.Release|Any CPU.ActiveCfg = Release|Any CPU
		{19A74C93-8471-4D95-BF92-9053F3993057}.Release|Any CPU.Build.0 = Release|Any CPU
		{DDB6B5E4-B233-4B1A-A7CA-B02F9B44F6FE}.Debug|Any CPU.ActiveCfg = Debug|Any CPU
		{DDB6B5E4-B233-4B1A-A7CA-B02F9B44F6FE}.Debug|Any CPU.Build.0 = Debug|Any CPU
		{DDB6B5E4-B233-4B1A-A7CA-B02F9B44F6FE}.Release|Any CPU.ActiveCfg = Release|Any CPU
		{DDB6B5E4-B233-4B1A-A7CA-B02F9B44F6FE}.Release|Any CPU.Build.0 = Release|Any CPU
		{FA1E670F-66BE-4D64-8B20-1586607A592C}.Debug|Any CPU.ActiveCfg = Debug|Any CPU
		{FA1E670F-66BE-4D64-8B20-1586607A592C}.Debug|Any CPU.Build.0 = Debug|Any CPU
		{FA1E670F-66BE-4D64-8B20-1586607A592C}.Release|Any CPU.ActiveCfg = Release|Any CPU
		{FA1E670F-66BE-4D64-8B20-1586607A592C}.Release|Any CPU.Build.0 = Release|Any CPU
		{B7983A02-FB2B-4837-A87D-D8876F3EFD12}.Debug|Any CPU.ActiveCfg = Debug|Any CPU
		{B7983A02-FB2B-4837-A87D-D8876F3EFD12}.Debug|Any CPU.Build.0 = Debug|Any CPU
		{B7983A02-FB2B-4837-A87D-D8876F3EFD12}.Release|Any CPU.ActiveCfg = Release|Any CPU
		{B7983A02-FB2B-4837-A87D-D8876F3EFD12}.Release|Any CPU.Build.0 = Release|Any CPU
		{10A95D7E-2946-4686-9D95-B5FD7C1BFA54}.Debug|Any CPU.ActiveCfg = Debug|Any CPU
		{10A95D7E-2946-4686-9D95-B5FD7C1BFA54}.Debug|Any CPU.Build.0 = Debug|Any CPU
		{10A95D7E-2946-4686-9D95-B5FD7C1BFA54}.Release|Any CPU.ActiveCfg = Release|Any CPU
		{10A95D7E-2946-4686-9D95-B5FD7C1BFA54}.Release|Any CPU.Build.0 = Release|Any CPU
		{04E8F0CF-2398-4443-B791-34AFF7DC2364}.Debug|Any CPU.ActiveCfg = Debug|Any CPU
		{04E8F0CF-2398-4443-B791-34AFF7DC2364}.Debug|Any CPU.Build.0 = Debug|Any CPU
		{04E8F0CF-2398-4443-B791-34AFF7DC2364}.Release|Any CPU.ActiveCfg = Release|Any CPU
		{04E8F0CF-2398-4443-B791-34AFF7DC2364}.Release|Any CPU.Build.0 = Release|Any CPU
		{D1F2B9B4-787A-45BD-A7B7-7657D51671AA}.Debug|Any CPU.ActiveCfg = Debug|Any CPU
		{D1F2B9B4-787A-45BD-A7B7-7657D51671AA}.Debug|Any CPU.Build.0 = Debug|Any CPU
		{D1F2B9B4-787A-45BD-A7B7-7657D51671AA}.Release|Any CPU.ActiveCfg = Release|Any CPU
		{D1F2B9B4-787A-45BD-A7B7-7657D51671AA}.Release|Any CPU.Build.0 = Release|Any CPU
		{176DD891-FDDB-41EB-BFA5-684BB1FDDE19}.Debug|Any CPU.ActiveCfg = Debug|Any CPU
		{176DD891-FDDB-41EB-BFA5-684BB1FDDE19}.Debug|Any CPU.Build.0 = Debug|Any CPU
		{176DD891-FDDB-41EB-BFA5-684BB1FDDE19}.Release|Any CPU.ActiveCfg = Release|Any CPU
		{176DD891-FDDB-41EB-BFA5-684BB1FDDE19}.Release|Any CPU.Build.0 = Release|Any CPU
		{EDD6120D-A199-4CA6-9CBF-564BDA5BCFB1}.Debug|Any CPU.ActiveCfg = Debug|Any CPU
		{EDD6120D-A199-4CA6-9CBF-564BDA5BCFB1}.Debug|Any CPU.Build.0 = Debug|Any CPU
		{EDD6120D-A199-4CA6-9CBF-564BDA5BCFB1}.Release|Any CPU.ActiveCfg = Release|Any CPU
		{EDD6120D-A199-4CA6-9CBF-564BDA5BCFB1}.Release|Any CPU.Build.0 = Release|Any CPU
	EndGlobalSection
	GlobalSection(SolutionProperties) = preSolution
		HideSolutionNode = FALSE
	EndGlobalSection
	GlobalSection(NestedProjects) = preSolution
		{10A95D7E-2946-4686-9D95-B5FD7C1BFA54} = {64828F97-A327-499F-B88F-2C05FBD0F8EA}
		{04E8F0CF-2398-4443-B791-34AFF7DC2364} = {64828F97-A327-499F-B88F-2C05FBD0F8EA}
		{D1F2B9B4-787A-45BD-A7B7-7657D51671AA} = {64828F97-A327-499F-B88F-2C05FBD0F8EA}
		{176DD891-FDDB-41EB-BFA5-684BB1FDDE19} = {64828F97-A327-499F-B88F-2C05FBD0F8EA}
	EndGlobalSection
	GlobalSection(ExtensibilityGlobals) = postSolution
		SolutionGuid = {20388F22-F911-4858-BEC8-6DA1C834B448}
	EndGlobalSection
EndGlobal
